
Microsoft Visual Studio Solution File, Format Version 12.00
# Visual Studio 14
VisualStudioVersion = 14.0.24720.0
MinimumVisualStudioVersion = 10.0.40219.1
Project("{FAE04EC0-301F-11D3-BF4B-00C04F79EFBC}") = "Server", "Server\Server.csproj", "{C33B2C30-FD77-44D4-98E2-2A3B40EAA5C6}"
EndProject
Project("{2150E333-8FDC-42A3-9474-1A3956D46DE8}") = "Components", "Components", "{9C562925-7A56-4B9A-A699-1E315D9EDE6B}"
EndProject
Project("{FAE04EC0-301F-11D3-BF4B-00C04F79EFBC}") = "Workstation", "Workstation\Workstation.csproj", "{ADE825E5-7BA6-46BC-995A-D7116F549905}"
EndProject
Project("{FAE04EC0-301F-11D3-BF4B-00C04F79EFBC}") = "Client", "Client\Client.csproj", "{10929E40-8DF9-4732-AC41-03B98285B972}"
EndProject
Project("{2150E333-8FDC-42A3-9474-1A3956D46DE8}") = "Services", "Services", "{AC9B8713-D82D-4CD9-AD60-094A1ADE6BFD}"
EndProject
Project("{2150E333-8FDC-42A3-9474-1A3956D46DE8}") = "Framework", "Framework", "{82B9949F-FE88-431B-8066-5CF01954CC52}"
EndProject
Project("{FAE04EC0-301F-11D3-BF4B-00C04F79EFBC}") = "Communication", "Communication\Communication.csproj", "{F1F872BA-520C-4FD4-A1A2-DB0C865B2CCE}"
EndProject
Project("{2150E333-8FDC-42A3-9474-1A3956D46DE8}") = "UI", "UI", "{F07480A6-C5CE-4991-A71D-6CC7159B8BD9}"
EndProject
Project("{FAE04EC0-301F-11D3-BF4B-00C04F79EFBC}") = "Common", "Common\Common.csproj", "{583DC95A-D2AC-49C0-8D74-859CC42C46A5}"
EndProject
Project("{2150E333-8FDC-42A3-9474-1A3956D46DE8}") = "Plugins", "Plugins", "{2DCE3FAB-8F10-4FE5-88C4-F145B975870B}"
EndProject
Project("{FAE04EC0-301F-11D3-BF4B-00C04F79EFBC}") = "InstanceModel", "Model\InstanceModel.csproj", "{C80B8896-DDD9-4A85-A59F-E5323C71D3D2}"
EndProject
Project("{FAE04EC0-301F-11D3-BF4B-00C04F79EFBC}") = "FrameworkInterfaces", "FrameworkInterfaces\FrameworkInterfaces.csproj", "{63D071B9-FE4B-4290-B066-83936ADA4E3D}"
EndProject
Project("{2150E333-8FDC-42A3-9474-1A3956D46DE8}") = "Solution Items", "Solution Items", "{3E26D81F-4C79-482A-B54A-8E34C0321B2A}"
	ProjectSection(SolutionItems) = preProject
		..\Universal Distributed System.mm = ..\Universal Distributed System.mm
	EndProjectSection
EndProject
Project("{2150E333-8FDC-42A3-9474-1A3956D46DE8}") = "Tests", "Tests", "{1992BBAB-47E1-42E7-98AB-870704BEB338}"
EndProject
Project("{FAE04EC0-301F-11D3-BF4B-00C04F79EFBC}") = "CommunicationTests", "CommunicationTests\CommunicationTests.csproj", "{2CC2E6A0-8ED9-4B46-B6C3-9D711AFB29BE}"
EndProject
Project("{FAE04EC0-301F-11D3-BF4B-00C04F79EFBC}") = "ServerTests", "ServerTests\ServerTests.csproj", "{EB645EF5-A030-41C2-8B12-66E871BECC0E}"
EndProject
Project("{FAE04EC0-301F-11D3-BF4B-00C04F79EFBC}") = "CommonTests", "CommonTests\CommonTests.csproj", "{4AA131E5-30A3-40A6-9CE6-320D062B0C48}"
EndProject
Global
	GlobalSection(SolutionConfigurationPlatforms) = preSolution
		Debug|Any CPU = Debug|Any CPU
		Release|Any CPU = Release|Any CPU
	EndGlobalSection
	GlobalSection(ProjectConfigurationPlatforms) = postSolution
		{C33B2C30-FD77-44D4-98E2-2A3B40EAA5C6}.Debug|Any CPU.ActiveCfg = Debug|Any CPU
		{C33B2C30-FD77-44D4-98E2-2A3B40EAA5C6}.Debug|Any CPU.Build.0 = Debug|Any CPU
		{C33B2C30-FD77-44D4-98E2-2A3B40EAA5C6}.Release|Any CPU.ActiveCfg = Release|Any CPU
		{C33B2C30-FD77-44D4-98E2-2A3B40EAA5C6}.Release|Any CPU.Build.0 = Release|Any CPU
		{ADE825E5-7BA6-46BC-995A-D7116F549905}.Debug|Any CPU.ActiveCfg = Debug|Any CPU
		{ADE825E5-7BA6-46BC-995A-D7116F549905}.Debug|Any CPU.Build.0 = Debug|Any CPU
		{ADE825E5-7BA6-46BC-995A-D7116F549905}.Release|Any CPU.ActiveCfg = Release|Any CPU
		{ADE825E5-7BA6-46BC-995A-D7116F549905}.Release|Any CPU.Build.0 = Release|Any CPU
		{10929E40-8DF9-4732-AC41-03B98285B972}.Debug|Any CPU.ActiveCfg = Debug|Any CPU
		{10929E40-8DF9-4732-AC41-03B98285B972}.Debug|Any CPU.Build.0 = Debug|Any CPU
		{10929E40-8DF9-4732-AC41-03B98285B972}.Release|Any CPU.ActiveCfg = Release|Any CPU
		{10929E40-8DF9-4732-AC41-03B98285B972}.Release|Any CPU.Build.0 = Release|Any CPU
		{F1F872BA-520C-4FD4-A1A2-DB0C865B2CCE}.Debug|Any CPU.ActiveCfg = Debug|Any CPU
		{F1F872BA-520C-4FD4-A1A2-DB0C865B2CCE}.Debug|Any CPU.Build.0 = Debug|Any CPU
		{F1F872BA-520C-4FD4-A1A2-DB0C865B2CCE}.Release|Any CPU.ActiveCfg = Release|Any CPU
		{F1F872BA-520C-4FD4-A1A2-DB0C865B2CCE}.Release|Any CPU.Build.0 = Release|Any CPU
		{583DC95A-D2AC-49C0-8D74-859CC42C46A5}.Debug|Any CPU.ActiveCfg = Debug|Any CPU
		{583DC95A-D2AC-49C0-8D74-859CC42C46A5}.Debug|Any CPU.Build.0 = Debug|Any CPU
		{583DC95A-D2AC-49C0-8D74-859CC42C46A5}.Release|Any CPU.ActiveCfg = Release|Any CPU
		{583DC95A-D2AC-49C0-8D74-859CC42C46A5}.Release|Any CPU.Build.0 = Release|Any CPU
		{C80B8896-DDD9-4A85-A59F-E5323C71D3D2}.Debug|Any CPU.ActiveCfg = Debug|Any CPU
		{C80B8896-DDD9-4A85-A59F-E5323C71D3D2}.Debug|Any CPU.Build.0 = Debug|Any CPU
		{C80B8896-DDD9-4A85-A59F-E5323C71D3D2}.Release|Any CPU.ActiveCfg = Release|Any CPU
		{C80B8896-DDD9-4A85-A59F-E5323C71D3D2}.Release|Any CPU.Build.0 = Release|Any CPU
		{63D071B9-FE4B-4290-B066-83936ADA4E3D}.Debug|Any CPU.ActiveCfg = Debug|Any CPU
		{63D071B9-FE4B-4290-B066-83936ADA4E3D}.Debug|Any CPU.Build.0 = Debug|Any CPU
		{63D071B9-FE4B-4290-B066-83936ADA4E3D}.Release|Any CPU.ActiveCfg = Release|Any CPU
		{63D071B9-FE4B-4290-B066-83936ADA4E3D}.Release|Any CPU.Build.0 = Release|Any CPU
		{2CC2E6A0-8ED9-4B46-B6C3-9D711AFB29BE}.Debug|Any CPU.ActiveCfg = Debug|Any CPU
		{2CC2E6A0-8ED9-4B46-B6C3-9D711AFB29BE}.Debug|Any CPU.Build.0 = Debug|Any CPU
		{2CC2E6A0-8ED9-4B46-B6C3-9D711AFB29BE}.Release|Any CPU.ActiveCfg = Release|Any CPU
		{2CC2E6A0-8ED9-4B46-B6C3-9D711AFB29BE}.Release|Any CPU.Build.0 = Release|Any CPU
		{EB645EF5-A030-41C2-8B12-66E871BECC0E}.Debug|Any CPU.ActiveCfg = Debug|Any CPU
		{EB645EF5-A030-41C2-8B12-66E871BECC0E}.Debug|Any CPU.Build.0 = Debug|Any CPU
		{EB645EF5-A030-41C2-8B12-66E871BECC0E}.Release|Any CPU.ActiveCfg = Release|Any CPU
		{EB645EF5-A030-41C2-8B12-66E871BECC0E}.Release|Any CPU.Build.0 = Release|Any CPU
		{4AA131E5-30A3-40A6-9CE6-320D062B0C48}.Debug|Any CPU.ActiveCfg = Debug|Any CPU
		{4AA131E5-30A3-40A6-9CE6-320D062B0C48}.Debug|Any CPU.Build.0 = Debug|Any CPU
		{4AA131E5-30A3-40A6-9CE6-320D062B0C48}.Release|Any CPU.ActiveCfg = Release|Any CPU
		{4AA131E5-30A3-40A6-9CE6-320D062B0C48}.Release|Any CPU.Build.0 = Release|Any CPU
	EndGlobalSection
	GlobalSection(SolutionProperties) = preSolution
		HideSolutionNode = FALSE
	EndGlobalSection
	GlobalSection(NestedProjects) = preSolution
		{C33B2C30-FD77-44D4-98E2-2A3B40EAA5C6} = {9C562925-7A56-4B9A-A699-1E315D9EDE6B}
		{ADE825E5-7BA6-46BC-995A-D7116F549905} = {9C562925-7A56-4B9A-A699-1E315D9EDE6B}
		{10929E40-8DF9-4732-AC41-03B98285B972} = {9C562925-7A56-4B9A-A699-1E315D9EDE6B}
		{82B9949F-FE88-431B-8066-5CF01954CC52} = {9C562925-7A56-4B9A-A699-1E315D9EDE6B}
		{F1F872BA-520C-4FD4-A1A2-DB0C865B2CCE} = {82B9949F-FE88-431B-8066-5CF01954CC52}
		{583DC95A-D2AC-49C0-8D74-859CC42C46A5} = {82B9949F-FE88-431B-8066-5CF01954CC52}
		{C80B8896-DDD9-4A85-A59F-E5323C71D3D2} = {82B9949F-FE88-431B-8066-5CF01954CC52}
		{63D071B9-FE4B-4290-B066-83936ADA4E3D} = {82B9949F-FE88-431B-8066-5CF01954CC52}
		{2CC2E6A0-8ED9-4B46-B6C3-9D711AFB29BE} = {1992BBAB-47E1-42E7-98AB-870704BEB338}
		{EB645EF5-A030-41C2-8B12-66E871BECC0E} = {1992BBAB-47E1-42E7-98AB-870704BEB338}
		{4AA131E5-30A3-40A6-9CE6-320D062B0C48} = {1992BBAB-47E1-42E7-98AB-870704BEB338}
	EndGlobalSection
EndGlobal
